
Microsoft Visual Studio Solution File, Format Version 12.00
# Visual Studio Version 16
VisualStudioVersion = 16.0.31005.135
MinimumVisualStudioVersion = 10.0.40219.1
Project("{9A19103F-16F7-4668-BE54-9A1E7A4F7556}") = "ProiectPractica", "ProiectPractica.csproj", "{4458DDAF-7EF9-46D0-A6D7-E9CD4FF127A3}"
EndProject
Project("{FAE04EC0-301F-11D3-BF4B-00C04F79EFBC}") = "ProiectPractica.Test", "ProiectPractica.Test\ProiectPractica.Test.csproj", "{F7C78CF7-659E-4B6C-B197-4960F881EB0B}"
EndProject
Global
	GlobalSection(SolutionConfigurationPlatforms) = preSolution
		Debug|Any CPU = Debug|Any CPU
		Release|Any CPU = Release|Any CPU
	EndGlobalSection
	GlobalSection(ProjectConfigurationPlatforms) = postSolution
		{4458DDAF-7EF9-46D0-A6D7-E9CD4FF127A3}.Debug|Any CPU.ActiveCfg = Debug|Any CPU
		{4458DDAF-7EF9-46D0-A6D7-E9CD4FF127A3}.Debug|Any CPU.Build.0 = Debug|Any CPU
		{4458DDAF-7EF9-46D0-A6D7-E9CD4FF127A3}.Release|Any CPU.ActiveCfg = Release|Any CPU
		{4458DDAF-7EF9-46D0-A6D7-E9CD4FF127A3}.Release|Any CPU.Build.0 = Release|Any CPU
		{F7C78CF7-659E-4B6C-B197-4960F881EB0B}.Debug|Any CPU.ActiveCfg = Debug|Any CPU
		{F7C78CF7-659E-4B6C-B197-4960F881EB0B}.Debug|Any CPU.Build.0 = Debug|Any CPU
		{F7C78CF7-659E-4B6C-B197-4960F881EB0B}.Release|Any CPU.ActiveCfg = Release|Any CPU
		{F7C78CF7-659E-4B6C-B197-4960F881EB0B}.Release|Any CPU.Build.0 = Release|Any CPU
	EndGlobalSection
	GlobalSection(SolutionProperties) = preSolution
		HideSolutionNode = FALSE
	EndGlobalSection
	GlobalSection(ExtensibilityGlobals) = postSolution
		SolutionGuid = {5248266F-4E2F-4E65-8B29-B53B2A3ED79C}
	EndGlobalSection
EndGlobal
